
Microsoft Visual Studio Solution File, Format Version 12.00
# Visual Studio Version 17
VisualStudioVersion = 17.14.36908.2 d17.14
MinimumVisualStudioVersion = 10.0.40219.1
Project("{FAE04EC0-301F-11D3-BF4B-00C04F79EFBC}") = "SantiagoSoftDev225262V4", "SantiagoSoftDev225262V4\SantiagoSoftDev225262V4.csproj", "{7F1BE64A-5E2F-4169-8D7F-6DD8E02B5143}"
EndProject
Global
	GlobalSection(SolutionConfigurationPlatforms) = preSolution
		Debug|Any CPU = Debug|Any CPU
		Release|Any CPU = Release|Any CPU
	EndGlobalSection
	GlobalSection(ProjectConfigurationPlatforms) = postSolution
		{7F1BE64A-5E2F-4169-8D7F-6DD8E02B5143}.Debug|Any CPU.ActiveCfg = Debug|Any CPU
		{7F1BE64A-5E2F-4169-8D7F-6DD8E02B5143}.Debug|Any CPU.Build.0 = Debug|Any CPU
		{7F1BE64A-5E2F-4169-8D7F-6DD8E02B5143}.Release|Any CPU.ActiveCfg = Release|Any CPU
		{7F1BE64A-5E2F-4169-8D7F-6DD8E02B5143}.Release|Any CPU.Build.0 = Release|Any CPU
	EndGlobalSection
	GlobalSection(SolutionProperties) = preSolution
		HideSolutionNode = FALSE
	EndGlobalSection
	GlobalSection(ExtensibilityGlobals) = postSolution
		SolutionGuid = {7F4B6DE6-7B59-414E-AB1B-84415C8E1602}
	EndGlobalSection
EndGlobal
